<?xml version="1.0" encoding="utf-8"?>
<Project ToolsVersion="4.0" xmlns="http://schemas.microsoft.com/developer/msbuild/2003">
  <ItemGroup>
    <Filter Include="EMT">
      <UniqueIdentifier>{ABE2870B-17EC-877C-A067-9E7C0C70937C}</UniqueIdentifier>
    </Filter>
    <Filter Include="EMT\Event">
      <UniqueIdentifier>{3C78551C-A8E2-0993-F120-BB385DCAE7E7}</UniqueIdentifier>
    </Filter>
  </ItemGroup>
  <ItemGroup>
    <ClInclude Include="src\EMT.h" />
    <ClInclude Include="src\EMT\Application.h">
      <Filter>EMT</Filter>
    </ClInclude>
    <ClInclude Include="src\EMT\Core.h">
      <Filter>EMT</Filter>
    </ClInclude>
    <ClInclude Include="src\EMT\EntryPoint.h">
      <Filter>EMT</Filter>
    </ClInclude>
    <ClInclude Include="src\EMT\Event\Event.h">
      <Filter>EMT\Event</Filter>
    </ClInclude>
    <ClInclude Include="src\EMT\Log.h">
      <Filter>EMT</Filter>
    </ClInclude>
  </ItemGroup>
  <ItemGroup>
    <ClCompile Include="src\EMT\Application.cpp">
      <Filter>EMT</Filter>
    </ClCompile>
    <ClCompile Include="src\EMT\Log.cpp">
      <Filter>EMT</Filter>
    </ClCompile>
  </ItemGroup>
</Project>