<?xml version="1.0" encoding="utf-8"?>
<Project ToolsVersion="4.0" xmlns="http://schemas.microsoft.com/developer/msbuild/2003">
  <ItemGroup>
    <Filter Include="EMT">
      <UniqueIdentifier>{ABE2870B-17EC-877C-A067-9E7C0C70937C}</UniqueIdentifier>
    </Filter>
    <Filter Include="EMT\Event">
      <UniqueIdentifier>{3C78551C-A8E2-0993-F120-BB385DCAE7E7}</UniqueIdentifier>
    </Filter>
    <Filter Include="EMT\ImGui">
      <UniqueIdentifier>{156C981C-81D6-4C93-CA14-FE3836BE2AE8}</UniqueIdentifier>
    </Filter>
    <Filter Include="Platform">
      <UniqueIdentifier>{2AC788B4-1694-E3BF-3FAD-D1672BD9184E}</UniqueIdentifier>
    </Filter>
    <Filter Include="Platform\Windows">
      <UniqueIdentifier>{64FBD71A-50F4-F66C-7926-DCF1657ED678}</UniqueIdentifier>
    </Filter>
  </ItemGroup>
  <ItemGroup>
    <ClInclude Include="src\EMT.h" />
    <ClInclude Include="src\EMT\Application.h">
      <Filter>EMT</Filter>
    </ClInclude>
    <ClInclude Include="src\EMT\Core.h">
      <Filter>EMT</Filter>
    </ClInclude>
    <ClInclude Include="src\EMT\EntryPoint.h">
      <Filter>EMT</Filter>
    </ClInclude>
    <ClInclude Include="src\EMT\Event\ApplicationEvent.h">
      <Filter>EMT\Event</Filter>
    </ClInclude>
    <ClInclude Include="src\EMT\Event\Event.h">
      <Filter>EMT\Event</Filter>
    </ClInclude>
    <ClInclude Include="src\EMT\Event\KeyEvent.h">
      <Filter>EMT\Event</Filter>
    </ClInclude>
    <ClInclude Include="src\EMT\Event\MouseEvent.h">
      <Filter>EMT\Event</Filter>
    </ClInclude>
    <ClInclude Include="src\EMT\ImGui\ImGuiLayer.h">
      <Filter>EMT\ImGui</Filter>
    </ClInclude>
    <ClInclude Include="src\EMT\Input.h">
      <Filter>EMT</Filter>
    </ClInclude>
    <ClInclude Include="src\EMT\KeyCode.h">
      <Filter>EMT</Filter>
    </ClInclude>
    <ClInclude Include="src\EMT\Layer.h">
      <Filter>EMT</Filter>
    </ClInclude>
    <ClInclude Include="src\EMT\LayerStack.h">
      <Filter>EMT</Filter>
    </ClInclude>
    <ClInclude Include="src\EMT\Log.h">
      <Filter>EMT</Filter>
    </ClInclude>
    <ClInclude Include="src\EMT\MouseButton.h">
      <Filter>EMT</Filter>
    </ClInclude>
    <ClInclude Include="src\EMT\Window.h">
      <Filter>EMT</Filter>
    </ClInclude>
    <ClInclude Include="src\Platform\Windows\WindowsInput.h">
      <Filter>Platform\Windows</Filter>
    </ClInclude>
    <ClInclude Include="src\Platform\Windows\WindowsWindow.h">
      <Filter>Platform\Windows</Filter>
    </ClInclude>
    <ClInclude Include="src\emtpch.h" />
  </ItemGroup>
  <ItemGroup>
    <ClCompile Include="src\EMT\Application.cpp">
      <Filter>EMT</Filter>
    </ClCompile>
    <ClCompile Include="src\EMT\ImGui\ImGuiBuild.cpp">
      <Filter>EMT\ImGui</Filter>
    </ClCompile>
    <ClCompile Include="src\EMT\ImGui\ImGuiLayer.cpp">
      <Filter>EMT\ImGui</Filter>
    </ClCompile>
    <ClCompile Include="src\EMT\Layer.cpp">
      <Filter>EMT</Filter>
    </ClCompile>
    <ClCompile Include="src\EMT\LayerStack.cpp">
      <Filter>EMT</Filter>
    </ClCompile>
    <ClCompile Include="src\EMT\Log.cpp">
      <Filter>EMT</Filter>
    </ClCompile>
    <ClCompile Include="src\Platform\Windows\WindowsInput.cpp">
      <Filter>Platform\Windows</Filter>
    </ClCompile>
    <ClCompile Include="src\Platform\Windows\WindowsWindow.cpp">
      <Filter>Platform\Windows</Filter>
    </ClCompile>
    <ClCompile Include="src\emtpch.cpp" />
  </ItemGroup>
</Project>