<?xml version="1.0" encoding="utf-8"?>
<Project ToolsVersion="4.0" xmlns="http://schemas.microsoft.com/developer/msbuild/2003">
  <ItemGroup>
    <Filter Include="include">
      <UniqueIdentifier>{89AF369E-F58E-B539-FEA6-40106A051C9B}</UniqueIdentifier>
    </Filter>
    <Filter Include="include\stb_image">
      <UniqueIdentifier>{631FF594-CF35-F32A-18AD-7E4C8402C4B2}</UniqueIdentifier>
    </Filter>
    <Filter Include="src">
      <UniqueIdentifier>{2DAB880B-99B4-887C-2230-9F7C8E38947C}</UniqueIdentifier>
    </Filter>
    <Filter Include="src\EMT">
      <UniqueIdentifier>{426F2FA9-AE4E-AE44-B766-391B23C514A6}</UniqueIdentifier>
    </Filter>
    <Filter Include="src\EMT\Event">
      <UniqueIdentifier>{13DA0F5C-7F9A-8B92-48D5-D40FB454D06E}</UniqueIdentifier>
    </Filter>
    <Filter Include="src\EMT\ImGui">
      <UniqueIdentifier>{ECCD525C-588E-CE92-21C9-17108D48136F}</UniqueIdentifier>
    </Filter>
    <Filter Include="src\EMT\Renderer">
      <UniqueIdentifier>{28FD4084-14F6-5FD6-3D28-455B29803FE2}</UniqueIdentifier>
    </Filter>
    <Filter Include="src\Platform">
      <UniqueIdentifier>{21CA02E5-0D2D-9289-B6B2-CA3FA2F45D0C}</UniqueIdentifier>
    </Filter>
    <Filter Include="src\Platform\OpenGL">
      <UniqueIdentifier>{35A49437-A105-7245-2A73-B8F796D3A804}</UniqueIdentifier>
    </Filter>
    <Filter Include="src\Platform\Windows">
      <UniqueIdentifier>{5B054582-4794-CE4B-F0B2-E246DC20DFF1}</UniqueIdentifier>
    </Filter>
  </ItemGroup>
  <ItemGroup>
    <ClInclude Include="include\stb_image\stb_image.h">
      <Filter>include\stb_image</Filter>
    </ClInclude>
    <ClInclude Include="src\EMT.h">
      <Filter>src</Filter>
    </ClInclude>
    <ClInclude Include="src\EMT\Application.h">
      <Filter>src\EMT</Filter>
    </ClInclude>
    <ClInclude Include="src\EMT\Core.h">
      <Filter>src\EMT</Filter>
    </ClInclude>
    <ClInclude Include="src\EMT\EntryPoint.h">
      <Filter>src\EMT</Filter>
    </ClInclude>
    <ClInclude Include="src\EMT\Event\ApplicationEvent.h">
      <Filter>src\EMT\Event</Filter>
    </ClInclude>
    <ClInclude Include="src\EMT\Event\Event.h">
      <Filter>src\EMT\Event</Filter>
    </ClInclude>
    <ClInclude Include="src\EMT\Event\KeyEvent.h">
      <Filter>src\EMT\Event</Filter>
    </ClInclude>
    <ClInclude Include="src\EMT\Event\MouseEvent.h">
      <Filter>src\EMT\Event</Filter>
    </ClInclude>
    <ClInclude Include="src\EMT\ImGui\ImGuiLayer.h">
      <Filter>src\EMT\ImGui</Filter>
    </ClInclude>
    <ClInclude Include="src\EMT\Input.h">
      <Filter>src\EMT</Filter>
    </ClInclude>
    <ClInclude Include="src\EMT\KeyCode.h">
      <Filter>src\EMT</Filter>
    </ClInclude>
    <ClInclude Include="src\EMT\Layer.h">
      <Filter>src\EMT</Filter>
    </ClInclude>
    <ClInclude Include="src\EMT\LayerStack.h">
      <Filter>src\EMT</Filter>
    </ClInclude>
    <ClInclude Include="src\EMT\Log.h">
      <Filter>src\EMT</Filter>
    </ClInclude>
    <ClInclude Include="src\EMT\MouseButton.h">
      <Filter>src\EMT</Filter>
    </ClInclude>
    <ClInclude Include="src\EMT\Renderer\Buffer.h">
      <Filter>src\EMT\Renderer</Filter>
    </ClInclude>
    <ClInclude Include="src\EMT\Renderer\Camera.h">
      <Filter>src\EMT\Renderer</Filter>
    </ClInclude>
    <ClInclude Include="src\EMT\Renderer\GraphicsContext.h">
      <Filter>src\EMT\Renderer</Filter>
    </ClInclude>
    <ClInclude Include="src\EMT\Renderer\RenderCommand.h">
      <Filter>src\EMT\Renderer</Filter>
    </ClInclude>
    <ClInclude Include="src\EMT\Renderer\Renderer.h">
      <Filter>src\EMT\Renderer</Filter>
    </ClInclude>
    <ClInclude Include="src\EMT\Renderer\RendererAPI.h">
      <Filter>src\EMT\Renderer</Filter>
    </ClInclude>
    <ClInclude Include="src\EMT\Renderer\Shader.h">
      <Filter>src\EMT\Renderer</Filter>
    </ClInclude>
    <ClInclude Include="src\EMT\Renderer\VertexArray.h">
      <Filter>src\EMT\Renderer</Filter>
    </ClInclude>
    <ClInclude Include="src\EMT\Window.h">
      <Filter>src\EMT</Filter>
    </ClInclude>
    <ClInclude Include="src\Platform\OpenGL\OpenGLAPI.h">
      <Filter>src\Platform\OpenGL</Filter>
    </ClInclude>
    <ClInclude Include="src\Platform\OpenGL\OpenGLBuffer.h">
      <Filter>src\Platform\OpenGL</Filter>
    </ClInclude>
    <ClInclude Include="src\Platform\OpenGL\OpenGLContext.h">
      <Filter>src\Platform\OpenGL</Filter>
    </ClInclude>
    <ClInclude Include="src\Platform\OpenGL\OpenGLShader.h">
      <Filter>src\Platform\OpenGL</Filter>
    </ClInclude>
    <ClInclude Include="src\Platform\OpenGL\OpenGLVertexArray.h">
      <Filter>src\Platform\OpenGL</Filter>
    </ClInclude>
    <ClInclude Include="src\Platform\Windows\WindowsInput.h">
      <Filter>src\Platform\Windows</Filter>
    </ClInclude>
    <ClInclude Include="src\Platform\Windows\WindowsWindow.h">
      <Filter>src\Platform\Windows</Filter>
    </ClInclude>
    <ClInclude Include="src\emtpch.h">
      <Filter>src</Filter>
    </ClInclude>
    <ClInclude Include="src\EMT\Renderer\Texture.h" />
    <ClInclude Include="src\Platform\OpenGL\OpenGLTexture2D.h" />
    <ClInclude Include="src\EMT\Renderer\light\BaseLight.h" />
    <ClInclude Include="src\EMT\Renderer\light\DirectionalLight.h" />
    <ClInclude Include="src\EMT\Renderer\light\PointLight.h" />
    <ClInclude Include="src\EMT\Renderer\light\SpotLight.h" />
    <ClInclude Include="src\EMT\Renderer\light\LightManager.h" />
  </ItemGroup>
  <ItemGroup>
    <ClCompile Include="include\stb_image\stb_image.cpp">
      <Filter>include\stb_image</Filter>
    </ClCompile>
    <ClCompile Include="src\EMT\Application.cpp">
      <Filter>src\EMT</Filter>
    </ClCompile>
    <ClCompile Include="src\EMT\ImGui\ImGuiBuild.cpp">
      <Filter>src\EMT\ImGui</Filter>
    </ClCompile>
    <ClCompile Include="src\EMT\ImGui\ImGuiLayer.cpp">
      <Filter>src\EMT\ImGui</Filter>
    </ClCompile>
    <ClCompile Include="src\EMT\Layer.cpp">
      <Filter>src\EMT</Filter>
    </ClCompile>
    <ClCompile Include="src\EMT\LayerStack.cpp">
      <Filter>src\EMT</Filter>
    </ClCompile>
    <ClCompile Include="src\EMT\Log.cpp">
      <Filter>src\EMT</Filter>
    </ClCompile>
    <ClCompile Include="src\EMT\Renderer\Buffer.cpp">
      <Filter>src\EMT\Renderer</Filter>
    </ClCompile>
    <ClCompile Include="src\EMT\Renderer\Camera.cpp">
      <Filter>src\EMT\Renderer</Filter>
    </ClCompile>
    <ClCompile Include="src\EMT\Renderer\RenderCommand.cpp">
      <Filter>src\EMT\Renderer</Filter>
    </ClCompile>
    <ClCompile Include="src\EMT\Renderer\Renderer.cpp">
      <Filter>src\EMT\Renderer</Filter>
    </ClCompile>
    <ClCompile Include="src\EMT\Renderer\RendererAPI.cpp">
      <Filter>src\EMT\Renderer</Filter>
    </ClCompile>
    <ClCompile Include="src\EMT\Renderer\Shader.cpp">
      <Filter>src\EMT\Renderer</Filter>
    </ClCompile>
    <ClCompile Include="src\EMT\Renderer\VertexArray.cpp">
      <Filter>src\EMT\Renderer</Filter>
    </ClCompile>
    <ClCompile Include="src\Platform\OpenGL\OpenGLAPI.cpp">
      <Filter>src\Platform\OpenGL</Filter>
    </ClCompile>
    <ClCompile Include="src\Platform\OpenGL\OpenGLBuffer.cpp">
      <Filter>src\Platform\OpenGL</Filter>
    </ClCompile>
    <ClCompile Include="src\Platform\OpenGL\OpenGLContext.cpp">
      <Filter>src\Platform\OpenGL</Filter>
    </ClCompile>
    <ClCompile Include="src\Platform\OpenGL\OpenGLShader.cpp">
      <Filter>src\Platform\OpenGL</Filter>
    </ClCompile>
    <ClCompile Include="src\Platform\OpenGL\OpenGLVertexArray.cpp">
      <Filter>src\Platform\OpenGL</Filter>
    </ClCompile>
    <ClCompile Include="src\Platform\Windows\WindowsInput.cpp">
      <Filter>src\Platform\Windows</Filter>
    </ClCompile>
    <ClCompile Include="src\Platform\Windows\WindowsWindow.cpp">
      <Filter>src\Platform\Windows</Filter>
    </ClCompile>
    <ClCompile Include="src\emtpch.cpp">
      <Filter>src</Filter>
    </ClCompile>
    <ClCompile Include="src\EMT\Renderer\Texture.cpp" />
    <ClCompile Include="src\Platform\OpenGL\OpenGLTexture2D.cpp" />
    <ClCompile Include="src\EMT\Renderer\light\BaseLight.cpp" />
    <ClCompile Include="src\EMT\Renderer\light\DirectionalLight.cpp" />
    <ClCompile Include="src\EMT\Renderer\light\PointLight.cpp" />
    <ClCompile Include="src\EMT\Renderer\light\SpotLight.cpp" />
    <ClCompile Include="src\EMT\Renderer\light\LightManager.cpp" />
  </ItemGroup>
</Project>